
Microsoft Visual Studio Solution File, Format Version 12.00
# Visual Studio 15
VisualStudioVersion = 15.0.26124.0
MinimumVisualStudioVersion = 15.0.26124.0
Project("{FAE04EC0-301F-11D3-BF4B-00C04F79EFBC}") = "ProAtividade.API", "ProAtividade.API\ProAtividade.API.csproj", "{E0B5D92E-F719-48DC-B38C-1DBC7765B286}"
EndProject
Project("{FAE04EC0-301F-11D3-BF4B-00C04F79EFBC}") = "ProAtividade.Data", "ProAtividade.Data\ProAtividade.Data.csproj", "{53CE6B07-9666-4EE0-8C8D-2972BF203A97}"
EndProject
Project("{FAE04EC0-301F-11D3-BF4B-00C04F79EFBC}") = "ProAtividade.Domain", "ProAtividade.Domain\ProAtividade.Domain.csproj", "{4400B22B-10AA-461E-A3A5-7B2B1454F0FA}"
EndProject
Global
	GlobalSection(SolutionConfigurationPlatforms) = preSolution
		Debug|Any CPU = Debug|Any CPU
		Debug|x64 = Debug|x64
		Debug|x86 = Debug|x86
		Release|Any CPU = Release|Any CPU
		Release|x64 = Release|x64
		Release|x86 = Release|x86
	EndGlobalSection
	GlobalSection(SolutionProperties) = preSolution
		HideSolutionNode = FALSE
	EndGlobalSection
	GlobalSection(ProjectConfigurationPlatforms) = postSolution
		{E0B5D92E-F719-48DC-B38C-1DBC7765B286}.Debug|Any CPU.ActiveCfg = Debug|Any CPU
		{E0B5D92E-F719-48DC-B38C-1DBC7765B286}.Debug|Any CPU.Build.0 = Debug|Any CPU
		{E0B5D92E-F719-48DC-B38C-1DBC7765B286}.Debug|x64.ActiveCfg = Debug|Any CPU
		{E0B5D92E-F719-48DC-B38C-1DBC7765B286}.Debug|x64.Build.0 = Debug|Any CPU
		{E0B5D92E-F719-48DC-B38C-1DBC7765B286}.Debug|x86.ActiveCfg = Debug|Any CPU
		{E0B5D92E-F719-48DC-B38C-1DBC7765B286}.Debug|x86.Build.0 = Debug|Any CPU
		{E0B5D92E-F719-48DC-B38C-1DBC7765B286}.Release|Any CPU.ActiveCfg = Release|Any CPU
		{E0B5D92E-F719-48DC-B38C-1DBC7765B286}.Release|Any CPU.Build.0 = Release|Any CPU
		{E0B5D92E-F719-48DC-B38C-1DBC7765B286}.Release|x64.ActiveCfg = Release|Any CPU
		{E0B5D92E-F719-48DC-B38C-1DBC7765B286}.Release|x64.Build.0 = Release|Any CPU
		{E0B5D92E-F719-48DC-B38C-1DBC7765B286}.Release|x86.ActiveCfg = Release|Any CPU
		{E0B5D92E-F719-48DC-B38C-1DBC7765B286}.Release|x86.Build.0 = Release|Any CPU
		{53CE6B07-9666-4EE0-8C8D-2972BF203A97}.Debug|Any CPU.ActiveCfg = Debug|Any CPU
		{53CE6B07-9666-4EE0-8C8D-2972BF203A97}.Debug|Any CPU.Build.0 = Debug|Any CPU
		{53CE6B07-9666-4EE0-8C8D-2972BF203A97}.Debug|x64.ActiveCfg = Debug|Any CPU
		{53CE6B07-9666-4EE0-8C8D-2972BF203A97}.Debug|x64.Build.0 = Debug|Any CPU
		{53CE6B07-9666-4EE0-8C8D-2972BF203A97}.Debug|x86.ActiveCfg = Debug|Any CPU
		{53CE6B07-9666-4EE0-8C8D-2972BF203A97}.Debug|x86.Build.0 = Debug|Any CPU
		{53CE6B07-9666-4EE0-8C8D-2972BF203A97}.Release|Any CPU.ActiveCfg = Release|Any CPU
		{53CE6B07-9666-4EE0-8C8D-2972BF203A97}.Release|Any CPU.Build.0 = Release|Any CPU
		{53CE6B07-9666-4EE0-8C8D-2972BF203A97}.Release|x64.ActiveCfg = Release|Any CPU
		{53CE6B07-9666-4EE0-8C8D-2972BF203A97}.Release|x64.Build.0 = Release|Any CPU
		{53CE6B07-9666-4EE0-8C8D-2972BF203A97}.Release|x86.ActiveCfg = Release|Any CPU
		{53CE6B07-9666-4EE0-8C8D-2972BF203A97}.Release|x86.Build.0 = Release|Any CPU
		{4400B22B-10AA-461E-A3A5-7B2B1454F0FA}.Debug|Any CPU.ActiveCfg = Debug|Any CPU
		{4400B22B-10AA-461E-A3A5-7B2B1454F0FA}.Debug|Any CPU.Build.0 = Debug|Any CPU
		{4400B22B-10AA-461E-A3A5-7B2B1454F0FA}.Debug|x64.ActiveCfg = Debug|Any CPU
		{4400B22B-10AA-461E-A3A5-7B2B1454F0FA}.Debug|x64.Build.0 = Debug|Any CPU
		{4400B22B-10AA-461E-A3A5-7B2B1454F0FA}.Debug|x86.ActiveCfg = Debug|Any CPU
		{4400B22B-10AA-461E-A3A5-7B2B1454F0FA}.Debug|x86.Build.0 = Debug|Any CPU
		{4400B22B-10AA-461E-A3A5-7B2B1454F0FA}.Release|Any CPU.ActiveCfg = Release|Any CPU
		{4400B22B-10AA-461E-A3A5-7B2B1454F0FA}.Release|Any CPU.Build.0 = Release|Any CPU
		{4400B22B-10AA-461E-A3A5-7B2B1454F0FA}.Release|x64.ActiveCfg = Release|Any CPU
		{4400B22B-10AA-461E-A3A5-7B2B1454F0FA}.Release|x64.Build.0 = Release|Any CPU
		{4400B22B-10AA-461E-A3A5-7B2B1454F0FA}.Release|x86.ActiveCfg = Release|Any CPU
		{4400B22B-10AA-461E-A3A5-7B2B1454F0FA}.Release|x86.Build.0 = Release|Any CPU
	EndGlobalSection
EndGlobal
